// !$*UTF8*$!
{
	archiveVersion = 1;
	classes = {
	};
	objectVersion = 50;
	objects = {

/* Begin PBXBuildFile section */
		041D38892583521D00035719 /* AppDelegate.m in Sources */ = {isa = PBXBuildFile; fileRef = 041D38882583521D00035719 /* AppDelegate.m */; };
		041D388C2583521D00035719 /* SceneDelegate.m in Sources */ = {isa = PBXBuildFile; fileRef = 041D388B2583521D00035719 /* SceneDelegate.m */; };
		041D388F2583521D00035719 /* ViewController.m in Sources */ = {isa = PBXBuildFile; fileRef = 041D388E2583521D00035719 /* ViewController.m */; };
		041D38922583521D00035719 /* Main.storyboard in Resources */ = {isa = PBXBuildFile; fileRef = 041D38902583521D00035719 /* Main.storyboard */; };
		041D38942583521F00035719 /* Assets.xcassets in Resources */ = {isa = PBXBuildFile; fileRef = 041D38932583521F00035719 /* Assets.xcassets */; };
		041D38972583521F00035719 /* LaunchScreen.storyboard in Resources */ = {isa = PBXBuildFile; fileRef = 041D38952583521F00035719 /* LaunchScreen.storyboard */; };
		041D389A2583521F00035719 /* main.m in Sources */ = {isa = PBXBuildFile; fileRef = 041D38992583521F00035719 /* main.m */; };
		041D38A42583522000035719 /* testTests.m in Sources */ = {isa = PBXBuildFile; fileRef = 041D38A32583522000035719 /* testTests.m */; };
		041D38AF2583522000035719 /* testUITests.m in Sources */ = {isa = PBXBuildFile; fileRef = 041D38AE2583522000035719 /* testUITests.m */; };
		041D38C2258352F600035719 /* CommonTools.m in Sources */ = {isa = PBXBuildFile; fileRef = 041D38C1258352F600035719 /* CommonTools.m */; };
/* End PBXBuildFile section */

/* Begin PBXContainerItemProxy section */
		041D38A02583522000035719 /* PBXContainerItemProxy */ = {
			isa = PBXContainerItemProxy;
			containerPortal = 041D387C2583521D00035719 /* Project object */;
			proxyType = 1;
			remoteGlobalIDString = 041D38832583521D00035719;
			remoteInfo = test;
		};
		041D38AB2583522000035719 /* PBXContainerItemProxy */ = {
			isa = PBXContainerItemProxy;
			containerPortal = 041D387C2583521D00035719 /* Project object */;
			proxyType = 1;
			remoteGlobalIDString = 041D38832583521D00035719;
			remoteInfo = test;
		};
/* End PBXContainerItemProxy section */

/* Begin PBXFileReference section */
		041D38842583521D00035719 /* test.app */ = {isa = PBXFileReference; explicitFileType = wrapper.application; includeInIndex = 0; path = test.app; sourceTree = BUILT_PRODUCTS_DIR; };
		041D38872583521D00035719 /* AppDelegate.h */ = {isa = PBXFileReference; lastKnownFileType = sourcecode.c.h; path = AppDelegate.h; sourceTree = "<group>"; };
		041D38882583521D00035719 /* AppDelegate.m */ = {isa = PBXFileReference; lastKnownFileType = sourcecode.c.objc; path = AppDelegate.m; sourceTree = "<group>"; };
		041D388A2583521D00035719 /* SceneDelegate.h */ = {isa = PBXFileReference; lastKnownFileType = sourcecode.c.h; path = SceneDelegate.h; sourceTree = "<group>"; };
		041D388B2583521D00035719 /* SceneDelegate.m */ = {isa = PBXFileReference; lastKnownFileType = sourcecode.c.objc; path = SceneDelegate.m; sourceTree = "<group>"; };
		041D388D2583521D00035719 /* ViewController.h */ = {isa = PBXFileReference; lastKnownFileType = sourcecode.c.h; path = ViewController.h; sourceTree = "<group>"; };
		041D388E2583521D00035719 /* ViewController.m */ = {isa = PBXFileReference; lastKnownFileType = sourcecode.c.objc; path = ViewController.m; sourceTree = "<group>"; };
		041D38912583521D00035719 /* Base */ = {isa = PBXFileReference; lastKnownFileType = file.storyboard; name = Base; path = Base.lproj/Main.storyboard; sourceTree = "<group>"; };
		041D38932583521F00035719 /* Assets.xcassets */ = {isa = PBXFileReference; lastKnownFileType = folder.assetcatalog; path = Assets.xcassets; sourceTree = "<group>"; };
		041D38962583521F00035719 /* Base */ = {isa = PBXFileReference; lastKnownFileType = file.storyboard; name = Base; path = Base.lproj/LaunchScreen.storyboard; sourceTree = "<group>"; };
		041D38982583521F00035719 /* Info.plist */ = {isa = PBXFileReference; lastKnownFileType = text.plist.xml; path = Info.plist; sourceTree = "<group>"; };
		041D38992583521F00035719 /* main.m */ = {isa = PBXFileReference; lastKnownFileType = sourcecode.c.objc; path = main.m; sourceTree = "<group>"; };
		041D389F2583522000035719 /* testTests.xctest */ = {isa = PBXFileReference; explicitFileType = wrapper.cfbundle; includeInIndex = 0; path = testTests.xctest; sourceTree = BUILT_PRODUCTS_DIR; };
		041D38A32583522000035719 /* testTests.m */ = {isa = PBXFileReference; lastKnownFileType = sourcecode.c.objc; path = testTests.m; sourceTree = "<group>"; };
		041D38A52583522000035719 /* Info.plist */ = {isa = PBXFileReference; lastKnownFileType = text.plist.xml; path = Info.plist; sourceTree = "<group>"; };
		041D38AA2583522000035719 /* testUITests.xctest */ = {isa = PBXFileReference; explicitFileType = wrapper.cfbundle; includeInIndex = 0; path = testUITests.xctest; sourceTree = BUILT_PRODUCTS_DIR; };
		041D38AE2583522000035719 /* testUITests.m */ = {isa = PBXFileReference; lastKnownFileType = sourcecode.c.objc; path = testUITests.m; sourceTree = "<group>"; };
		041D38B02583522000035719 /* Info.plist */ = {isa = PBXFileReference; lastKnownFileType = text.plist.xml; path = Info.plist; sourceTree = "<group>"; };
		041D38C0258352F600035719 /* CommonTools.h */ = {isa = PBXFileReference; lastKnownFileType = sourcecode.c.h; path = CommonTools.h; sourceTree = "<group>"; };
		041D38C1258352F600035719 /* CommonTools.m */ = {isa = PBXFileReference; lastKnownFileType = sourcecode.c.objc; path = CommonTools.m; sourceTree = "<group>"; };
/* End PBXFileReference section */

/* Begin PBXFrameworksBuildPhase section */
		041D38812583521D00035719 /* Frameworks */ = {
			isa = PBXFrameworksBuildPhase;
			buildActionMask = 2147483647;
			files = (
			);
			runOnlyForDeploymentPostprocessing = 0;
		};
		041D389C2583522000035719 /* Frameworks */ = {
			isa = PBXFrameworksBuildPhase;
			buildActionMask = 2147483647;
			files = (
			);
			runOnlyForDeploymentPostprocessing = 0;
		};
		041D38A72583522000035719 /* Frameworks */ = {
			isa = PBXFrameworksBuildPhase;
			buildActionMask = 2147483647;
			files = (
			);
			runOnlyForDeploymentPostprocessing = 0;
		};
/* End PBXFrameworksBuildPhase section */

/* Begin PBXGroup section */
		041D387B2583521D00035719 = {
			isa = PBXGroup;
			children = (
				041D38862583521D00035719 /* test */,
				041D38A22583522000035719 /* testTests */,
				041D38AD2583522000035719 /* testUITests */,
				041D38852583521D00035719 /* Products */,
			);
			sourceTree = "<group>";
		};
		041D38852583521D00035719 /* Products */ = {
			isa = PBXGroup;
			children = (
				041D38842583521D00035719 /* test.app */,
				041D389F2583522000035719 /* testTests.xctest */,
				041D38AA2583522000035719 /* testUITests.xctest */,
			);
			name = Products;
			sourceTree = "<group>";
		};
		041D38862583521D00035719 /* test */ = {
			isa = PBXGroup;
			children = (
				041D38BF258352DD00035719 /* Classes */,
				041D38872583521D00035719 /* AppDelegate.h */,
				041D38882583521D00035719 /* AppDelegate.m */,
				041D388A2583521D00035719 /* SceneDelegate.h */,
				041D388B2583521D00035719 /* SceneDelegate.m */,
				041D388D2583521D00035719 /* ViewController.h */,
				041D388E2583521D00035719 /* ViewController.m */,
				041D38902583521D00035719 /* Main.storyboard */,
				041D38932583521F00035719 /* Assets.xcassets */,
				041D38952583521F00035719 /* LaunchScreen.storyboard */,
				041D38982583521F00035719 /* Info.plist */,
				041D38992583521F00035719 /* main.m */,
			);
			path = test;
			sourceTree = "<group>";
		};
		041D38A22583522000035719 /* testTests */ = {
			isa = PBXGroup;
			children = (
				041D38A32583522000035719 /* testTests.m */,
				041D38A52583522000035719 /* Info.plist */,
			);
			path = testTests;
			sourceTree = "<group>";
		};
		041D38AD2583522000035719 /* testUITests */ = {
			isa = PBXGroup;
			children = (
				041D38AE2583522000035719 /* testUITests.m */,
				041D38B02583522000035719 /* Info.plist */,
			);
			path = testUITests;
			sourceTree = "<group>";
		};
		041D38BF258352DD00035719 /* Classes */ = {
			isa = PBXGroup;
			children = (
				041D38C0258352F600035719 /* CommonTools.h */,
				041D38C1258352F600035719 /* CommonTools.m */,
			);
			path = Classes;
			sourceTree = "<group>";
		};
/* End PBXGroup section */

/* Begin PBXNativeTarget section */
		041D38832583521D00035719 /* test */ = {
			isa = PBXNativeTarget;
			buildConfigurationList = 041D38B32583522000035719 /* Build configuration list for PBXNativeTarget "test" */;
			buildPhases = (
				041D38802583521D00035719 /* Sources */,
				041D38812583521D00035719 /* Frameworks */,
				041D38822583521D00035719 /* Resources */,
			);
			buildRules = (
			);
			dependencies = (
			);
			name = test;
			productName = test;
			productReference = 041D38842583521D00035719 /* test.app */;
			productType = "com.apple.product-type.application";
		};
		041D389E2583522000035719 /* testTests */ = {
			isa = PBXNativeTarget;
			buildConfigurationList = 041D38B62583522000035719 /* Build configuration list for PBXNativeTarget "testTests" */;
			buildPhases = (
				041D389B2583522000035719 /* Sources */,
				041D389C2583522000035719 /* Frameworks */,
				041D389D2583522000035719 /* Resources */,
			);
			buildRules = (
			);
			dependencies = (
				041D38A12583522000035719 /* PBXTargetDependency */,
			);
			name = testTests;
			productName = testTests;
			productReference = 041D389F2583522000035719 /* testTests.xctest */;
			productType = "com.apple.product-type.bundle.unit-test";
		};
		041D38A92583522000035719 /* testUITests */ = {
			isa = PBXNativeTarget;
			buildConfigurationList = 041D38B92583522000035719 /* Build configuration list for PBXNativeTarget "testUITests" */;
			buildPhases = (
				041D38A62583522000035719 /* Sources */,
				041D38A72583522000035719 /* Frameworks */,
				041D38A82583522000035719 /* Resources */,
			);
			buildRules = (
			);
			dependencies = (
				041D38AC2583522000035719 /* PBXTargetDependency */,
			);
			name = testUITests;
			productName = testUITests;
			productReference = 041D38AA2583522000035719 /* testUITests.xctest */;
			productType = "com.apple.product-type.bundle.ui-testing";
		};
/* End PBXNativeTarget section */

/* Begin PBXProject section */
		041D387C2583521D00035719 /* Project object */ = {
			isa = PBXProject;
			attributes = {
				LastUpgradeCheck = 1210;
				TargetAttributes = {
					041D38832583521D00035719 = {
						CreatedOnToolsVersion = 12.1;
					};
					041D389E2583522000035719 = {
						CreatedOnToolsVersion = 12.1;
						TestTargetID = 041D38832583521D00035719;
					};
					041D38A92583522000035719 = {
						CreatedOnToolsVersion = 12.1;
						TestTargetID = 041D38832583521D00035719;
					};
				};
			};
			buildConfigurationList = 041D387F2583521D00035719 /* Build configuration list for PBXProject "test" */;
			compatibilityVersion = "Xcode 9.3";
			developmentRegion = en;
			hasScannedForEncodings = 0;
			knownRegions = (
				en,
				Base,
			);
			mainGroup = 041D387B2583521D00035719;
			productRefGroup = 041D38852583521D00035719 /* Products */;
			projectDirPath = "";
			projectRoot = "";
			targets = (
				041D38832583521D00035719 /* test */,
				041D389E2583522000035719 /* testTests */,
				041D38A92583522000035719 /* testUITests */,
			);
		};
/* End PBXProject section */

/* Begin PBXResourcesBuildPhase section */
		041D38822583521D00035719 /* Resources */ = {
			isa = PBXResourcesBuildPhase;
			buildActionMask = 2147483647;
			files = (
				041D38972583521F00035719 /* LaunchScreen.storyboard in Resources */,
				041D38942583521F00035719 /* Assets.xcassets in Resources */,
				041D38922583521D00035719 /* Main.storyboard in Resources */,
			);
			runOnlyForDeploymentPostprocessing = 0;
		};
		041D389D2583522000035719 /* Resources */ = {
			isa = PBXResourcesBuildPhase;
			buildActionMask = 2147483647;
			files = (
			);
			runOnlyForDeploymentPostprocessing = 0;
		};
		041D38A82583522000035719 /* Resources */ = {
			isa = PBXResourcesBuildPhase;
			buildActionMask = 2147483647;
			files = (
			);
			runOnlyForDeploymentPostprocessing = 0;
		};
/* End PBXResourcesBuildPhase section */

/* Begin PBXSourcesBuildPhase section */
		041D38802583521D00035719 /* Sources */ = {
			isa = PBXSourcesBuildPhase;
			buildActionMask = 2147483647;
			files = (
				041D388F2583521D00035719 /* ViewController.m in Sources */,
				041D38892583521D00035719 /* AppDelegate.m in Sources */,
				041D389A2583521F00035719 /* main.m in Sources */,
				041D388C2583521D00035719 /* SceneDelegate.m in Sources */,
				041D38C2258352F600035719 /* CommonTools.m in Sources */,
			);
			runOnlyForDeploymentPostprocessing = 0;
		};
		041D389B2583522000035719 /* Sources */ = {
			isa = PBXSourcesBuildPhase;
			buildActionMask = 2147483647;
			files = (
				041D38A42583522000035719 /* testTests.m in Sources */,
			);
			runOnlyForDeploymentPostprocessing = 0;
		};
		041D38A62583522000035719 /* Sources */ = {
			isa = PBXSourcesBuildPhase;
			buildActionMask = 2147483647;
			files = (
				041D38AF2583522000035719 /* testUITests.m in Sources */,
			);
			runOnlyForDeploymentPostprocessing = 0;
		};
/* End PBXSourcesBuildPhase section */

/* Begin PBXTargetDependency section */
		041D38A12583522000035719 /* PBXTargetDependency */ = {
			isa = PBXTargetDependency;
			target = 041D38832583521D00035719 /* test */;
			targetProxy = 041D38A02583522000035719 /* PBXContainerItemProxy */;
		};
		041D38AC2583522000035719 /* PBXTargetDependency */ = {
			isa = PBXTargetDependency;
			target = 041D38832583521D00035719 /* test */;
			targetProxy = 041D38AB2583522000035719 /* PBXContainerItemProxy */;
		};
/* End PBXTargetDependency section */

/* Begin PBXVariantGroup section */
		041D38902583521D00035719 /* Main.storyboard */ = {
			isa = PBXVariantGroup;
			children = (
				041D38912583521D00035719 /* Base */,
			);
			name = Main.storyboard;
			sourceTree = "<group>";
		};
		041D38952583521F00035719 /* LaunchScreen.storyboard */ = {
			isa = PBXVariantGroup;
			children = (
				041D38962583521F00035719 /* Base */,
			);
			name = LaunchScreen.storyboard;
			sourceTree = "<group>";
		};
/* End PBXVariantGroup section */

/* Begin XCBuildConfiguration section */
		041D38B12583522000035719 /* Debug */ = {
			isa = XCBuildConfiguration;
			buildSettings = {
				ALWAYS_SEARCH_USER_PATHS = NO;
				CLANG_ANALYZER_NONNULL = YES;
				CLANG_ANALYZER_NUMBER_OBJECT_CONVERSION = YES_AGGRESSIVE;
				CLANG_CXX_LANGUAGE_STANDARD = "gnu++14";
				CLANG_CXX_LIBRARY = "libc++";
				CLANG_ENABLE_MODULES = YES;
				CLANG_ENABLE_OBJC_ARC = YES;
				CLANG_ENABLE_OBJC_WEAK = YES;
				CLANG_WARN_BLOCK_CAPTURE_AUTORELEASING = YES;
				CLANG_WARN_BOOL_CONVERSION = YES;
				CLANG_WARN_COMMA = YES;
				CLANG_WARN_CONSTANT_CONVERSION = YES;
				CLANG_WARN_DEPRECATED_OBJC_IMPLEMENTATIONS = YES;
				CLANG_WARN_DIRECT_OBJC_ISA_USAGE = YES_ERROR;
				CLANG_WARN_DOCUMENTATION_COMMENTS = YES;
				CLANG_WARN_EMPTY_BODY = YES;
				CLANG_WARN_ENUM_CONVERSION = YES;
				CLANG_WARN_INFINITE_RECURSION = YES;
				CLANG_WARN_INT_CONVERSION = YES;
				CLANG_WARN_NON_LITERAL_NULL_CONVERSION = YES;
				CLANG_WARN_OBJC_IMPLICIT_RETAIN_SELF = YES;
				CLANG_WARN_OBJC_LITERAL_CONVERSION = YES;
				CLANG_WARN_OBJC_ROOT_CLASS = YES_ERROR;
				CLANG_WARN_QUOTED_INCLUDE_IN_FRAMEWORK_HEADER = YES;
				CLANG_WARN_RANGE_LOOP_ANALYSIS = YES;
				CLANG_WARN_STRICT_PROTOTYPES = YES;
				CLANG_WARN_SUSPICIOUS_MOVE = YES;
				CLANG_WARN_UNGUARDED_AVAILABILITY = YES_AGGRESSIVE;
				CLANG_WARN_UNREACHABLE_CODE = YES;
				CLANG_WARN__DUPLICATE_METHOD_MATCH = YES;
				COPY_PHASE_STRIP = NO;
				DEBUG_INFORMATION_FORMAT = dwarf;
				ENABLE_STRICT_OBJC_MSGSEND = YES;
				ENABLE_TESTABILITY = YES;
				GCC_C_LANGUAGE_STANDARD = gnu11;
				GCC_DYNAMIC_NO_PIC = NO;
				GCC_NO_COMMON_BLOCKS = YES;
				GCC_OPTIMIZATION_LEVEL = 0;
				GCC_PREPROCESSOR_DEFINITIONS = (
					"DEBUG=1",
					"$(inherited)",
				);
				GCC_WARN_64_TO_32_BIT_CONVERSION = YES;
				GCC_WARN_ABOUT_RETURN_TYPE = YES_ERROR;
				GCC_WARN_UNDECLARED_SELECTOR = YES;
				GCC_WARN_UNINITIALIZED_AUTOS = YES_AGGRESSIVE;
				GCC_WARN_UNUSED_FUNCTION = YES;
				GCC_WARN_UNUSED_VARIABLE = YES;
				IPHONEOS_DEPLOYMENT_TARGET = 14.1;
				MTL_ENABLE_DEBUG_INFO = INCLUDE_SOURCE;
				MTL_FAST_MATH = YES;
				ONLY_ACTIVE_ARCH = YES;
				SDKROOT = iphoneos;
			};
			name = Debug;
		};
		041D38B22583522000035719 /* Release */ = {
			isa = XCBuildConfiguration;
			buildSettings = {
				ALWAYS_SEARCH_USER_PATHS = NO;
				CLANG_ANALYZER_NONNULL = YES;
				CLANG_ANALYZER_NUMBER_OBJECT_CONVERSION = YES_AGGRESSIVE;
				CLANG_CXX_LANGUAGE_STANDARD = "gnu++14";
				CLANG_CXX_LIBRARY = "libc++";
				CLANG_ENABLE_MODULES = YES;
				CLANG_ENABLE_OBJC_ARC = YES;
				CLANG_ENABLE_OBJC_WEAK = YES;
				CLANG_WARN_BLOCK_CAPTURE_AUTORELEASING = YES;
				CLANG_WARN_BOOL_CONVERSION = YES;
				CLANG_WARN_COMMA = YES;
				CLANG_WARN_CONSTANT_CONVERSION = YES;
				CLANG_WARN_DEPRECATED_OBJC_IMPLEMENTATIONS = YES;
				CLANG_WARN_DIRECT_OBJC_ISA_USAGE = YES_ERROR;
				CLANG_WARN_DOCUMENTATION_COMMENTS = YES;
				CLANG_WARN_EMPTY_BODY = YES;
				CLANG_WARN_ENUM_CONVERSION = YES;
				CLANG_WARN_INFINITE_RECURSION = YES;
				CLANG_WARN_INT_CONVERSION = YES;
				CLANG_WARN_NON_LITERAL_NULL_CONVERSION = YES;
				CLANG_WARN_OBJC_IMPLICIT_RETAIN_SELF = YES;
				CLANG_WARN_OBJC_LITERAL_CONVERSION = YES;
				CLANG_WARN_OBJC_ROOT_CLASS = YES_ERROR;
				CLANG_WARN_QUOTED_INCLUDE_IN_FRAMEWORK_HEADER = YES;
				CLANG_WARN_RANGE_LOOP_ANALYSIS = YES;
				CLANG_WARN_STRICT_PROTOTYPES = YES;
				CLANG_WARN_SUSPICIOUS_MOVE = YES;
				CLANG_WARN_UNGUARDED_AVAILABILITY = YES_AGGRESSIVE;
				CLANG_WARN_UNREACHABLE_CODE = YES;
				CLANG_WARN__DUPLICATE_METHOD_MATCH = YES;
				COPY_PHASE_STRIP = NO;
				DEBUG_INFORMATION_FORMAT = "dwarf-with-dsym";
				ENABLE_NS_ASSERTIONS = NO;
				ENABLE_STRICT_OBJC_MSGSEND = YES;
				GCC_C_LANGUAGE_STANDARD = gnu11;
				GCC_NO_COMMON_BLOCKS = YES;
				GCC_WARN_64_TO_32_BIT_CONVERSION = YES;
				GCC_WARN_ABOUT_RETURN_TYPE = YES_ERROR;
				GCC_WARN_UNDECLARED_SELECTOR = YES;
				GCC_WARN_UNINITIALIZED_AUTOS = YES_AGGRESSIVE;
				GCC_WARN_UNUSED_FUNCTION = YES;
				GCC_WARN_UNUSED_VARIABLE = YES;
				IPHONEOS_DEPLOYMENT_TARGET = 14.1;
				MTL_ENABLE_DEBUG_INFO = NO;
				MTL_FAST_MATH = YES;
				SDKROOT = iphoneos;
				VALIDATE_PRODUCT = YES;
			};
			name = Release;
		};
		041D38B42583522000035719 /* Debug */ = {
			isa = XCBuildConfiguration;
			buildSettings = {
				ASSETCATALOG_COMPILER_APPICON_NAME = AppIcon;
				ASSETCATALOG_COMPILER_GLOBAL_ACCENT_COLOR_NAME = AccentColor;
				CODE_SIGN_STYLE = Automatic;
				INFOPLIST_FILE = test/Info.plist;
				LD_RUNPATH_SEARCH_PATHS = (
					"$(inherited)",
					"@executable_path/Frameworks",
				);
				PRODUCT_BUNDLE_IDENTIFIER = zhang.test;
				PRODUCT_NAME = "$(TARGET_NAME)";
				TARGETED_DEVICE_FAMILY = "1,2";
			};
			name = Debug;
		};
		041D38B52583522000035719 /* Release */ = {
			isa = XCBuildConfiguration;
			buildSettings = {
				ASSETCATALOG_COMPILER_APPICON_NAME = AppIcon;
				ASSETCATALOG_COMPILER_GLOBAL_ACCENT_COLOR_NAME = AccentColor;
				CODE_SIGN_STYLE = Automatic;
				INFOPLIST_FILE = test/Info.plist;
				LD_RUNPATH_SEARCH_PATHS = (
					"$(inherited)",
					"@executable_path/Frameworks",
				);
				PRODUCT_BUNDLE_IDENTIFIER = zhang.test;
				PRODUCT_NAME = "$(TARGET_NAME)";
				TARGETED_DEVICE_FAMILY = "1,2";
			};
			name = Release;
		};
		041D38B72583522000035719 /* Debug */ = {
			isa = XCBuildConfiguration;
			buildSettings = {
				BUNDLE_LOADER = "$(TEST_HOST)";
				CODE_SIGN_STYLE = Automatic;
				INFOPLIST_FILE = testTests/Info.plist;
				IPHONEOS_DEPLOYMENT_TARGET = 14.1;
				LD_RUNPATH_SEARCH_PATHS = (
					"$(inherited)",
					"@executable_path/Frameworks",
					"@loader_path/Frameworks",
				);
				PRODUCT_BUNDLE_IDENTIFIER = zhang.testTests;
				PRODUCT_NAME = "$(TARGET_NAME)";
				TARGETED_DEVICE_FAMILY = "1,2";
				TEST_HOST = "$(BUILT_PRODUCTS_DIR)/test.app/test";
			};
			name = Debug;
		};
		041D38B82583522000035719 /* Release */ = {
			isa = XCBuildConfiguration;
			buildSettings = {
				BUNDLE_LOADER = "$(TEST_HOST)";
				CODE_SIGN_STYLE = Automatic;
				INFOPLIST_FILE = testTests/Info.plist;
				IPHONEOS_DEPLOYMENT_TARGET = 14.1;
				LD_RUNPATH_SEARCH_PATHS = (
					"$(inherited)",
					"@executable_path/Frameworks",
					"@loader_path/Frameworks",
				);
				PRODUCT_BUNDLE_IDENTIFIER = zhang.testTests;
				PRODUCT_NAME = "$(TARGET_NAME)";
				TARGETED_DEVICE_FAMILY = "1,2";
				TEST_HOST = "$(BUILT_PRODUCTS_DIR)/test.app/test";
			};
			name = Release;
		};
		041D38BA2583522000035719 /* Debug */ = {
			isa = XCBuildConfiguration;
			buildSettings = {
				CODE_SIGN_STYLE = Automatic;
				INFOPLIST_FILE = testUITests/Info.plist;
				LD_RUNPATH_SEARCH_PATHS = (
					"$(inherited)",
					"@executable_path/Frameworks",
					"@loader_path/Frameworks",
				);
				PRODUCT_BUNDLE_IDENTIFIER = zhang.testUITests;
				PRODUCT_NAME = "$(TARGET_NAME)";
				TARGETED_DEVICE_FAMILY = "1,2";
				TEST_TARGET_NAME = test;
			};
			name = Debug;
		};
		041D38BB2583522000035719 /* Release */ = {
			isa = XCBuildConfiguration;
			buildSettings = {
				CODE_SIGN_STYLE = Automatic;
				INFOPLIST_FILE = testUITests/Info.plist;
				LD_RUNPATH_SEARCH_PATHS = (
					"$(inherited)",
					"@executable_path/Frameworks",
					"@loader_path/Frameworks",
				);
				PRODUCT_BUNDLE_IDENTIFIER = zhang.testUITests;
				PRODUCT_NAME = "$(TARGET_NAME)";
				TARGETED_DEVICE_FAMILY = "1,2";
				TEST_TARGET_NAME = test;
			};
			name = Release;
		};
/* End XCBuildConfiguration section */

/* Begin XCConfigurationList section */
		041D387F2583521D00035719 /* Build configuration list for PBXProject "test" */ = {
			isa = XCConfigurationList;
			buildConfigurations = (
				041D38B12583522000035719 /* Debug */,
				041D38B22583522000035719 /* Release */,
			);
			defaultConfigurationIsVisible = 0;
			defaultConfigurationName = Release;
		};
		041D38B32583522000035719 /* Build configuration list for PBXNativeTarget "test" */ = {
			isa = XCConfigurationList;
			buildConfigurations = (
				041D38B42583522000035719 /* Debug */,
				041D38B52583522000035719 /* Release */,
			);
			defaultConfigurationIsVisible = 0;
			defaultConfigurationName = Release;
		};
		041D38B62583522000035719 /* Build configuration list for PBXNativeTarget "testTests" */ = {
			isa = XCConfigurationList;
			buildConfigurations = (
				041D38B72583522000035719 /* Debug */,
				041D38B82583522000035719 /* Release */,
			);
			defaultConfigurationIsVisible = 0;
			defaultConfigurationName = Release;
		};
		041D38B92583522000035719 /* Build configuration list for PBXNativeTarget "testUITests" */ = {
			isa = XCConfigurationList;
			buildConfigurations = (
				041D38BA2583522000035719 /* Debug */,
				041D38BB2583522000035719 /* Release */,
			);
			defaultConfigurationIsVisible = 0;
			defaultConfigurationName = Release;
		};
/* End XCConfigurationList section */
	};
	rootObject = 041D387C2583521D00035719 /* Project object */;
}
